
Microsoft Visual Studio Solution File, Format Version 12.00
# Visual Studio Version 17
VisualStudioVersion = 17.10.35013.160
MinimumVisualStudioVersion = 10.0.40219.1
Project("{FAE04EC0-301F-11D3-BF4B-00C04F79EFBC}") = "WpfLibraryDb", "WpfLibraryDb.csproj", "{16768433-824F-4269-A963-66E21CF2B925}"
EndProject
Project("{2150E333-8FDC-42A3-9474-1A3956D46DE8}") = "Solution Items", "Solution Items", "{679EDBDC-1AD3-44AA-9FD0-C69901ED9249}"
EndProject
Global
	GlobalSection(SolutionConfigurationPlatforms) = preSolution
		Debug|Any CPU = Debug|Any CPU
		Release|Any CPU = Release|Any CPU
	EndGlobalSection
	GlobalSection(ProjectConfigurationPlatforms) = postSolution
		{16768433-824F-4269-A963-66E21CF2B925}.Debug|Any CPU.ActiveCfg = Debug|Any CPU
		{16768433-824F-4269-A963-66E21CF2B925}.Debug|Any CPU.Build.0 = Debug|Any CPU
		{16768433-824F-4269-A963-66E21CF2B925}.Release|Any CPU.ActiveCfg = Release|Any CPU
		{16768433-824F-4269-A963-66E21CF2B925}.Release|Any CPU.Build.0 = Release|Any CPU
	EndGlobalSection
	GlobalSection(SolutionProperties) = preSolution
		HideSolutionNode = FALSE
	EndGlobalSection
	GlobalSection(ExtensibilityGlobals) = postSolution
		SolutionGuid = {05011564-E88B-40D3-9B1E-CAC57D378A65}
	EndGlobalSection
EndGlobal
